
github.com/dhconnelly/rtreego v1.2.0 h1:LWhGPhw+iGuhg8hmHA/H8WV60qKtzecOjii0FMevGlk=
github.com/dhconnelly/rtreego v1.2.0/go.mod h1:SDozu0Fjy17XH1svEXJgdYq8Tah6Zjfa/4Q33Z80+KM=
github.com/mitroadmaps/gomapinfer v0.0.0-20210917033103-4e3dcc98a112/go.mod h1:60dnxKwUjhRjPfhvtjJQccZOo741GN+5WymEEc+Aa0c=
